
Microsoft Visual Studio Solution File, Format Version 12.00
# Visual Studio Version 16
VisualStudioVersion = 16.0.29403.142
MinimumVisualStudioVersion = 10.0.40219.1
Project("{FAE04EC0-301F-11D3-BF4B-00C04F79EFBC}") = "QLBH", "QLBH\QLBH.csproj", "{44D33B41-A39D-40D2-A6E8-BF1EF2C8679C}"
EndProject
Global
	GlobalSection(SolutionConfigurationPlatforms) = preSolution
		Debug|Any CPU = Debug|Any CPU
		Release|Any CPU = Release|Any CPU
	EndGlobalSection
	GlobalSection(ProjectConfigurationPlatforms) = postSolution
		{44D33B41-A39D-40D2-A6E8-BF1EF2C8679C}.Debug|Any CPU.ActiveCfg = Debug|Any CPU
		{44D33B41-A39D-40D2-A6E8-BF1EF2C8679C}.Debug|Any CPU.Build.0 = Debug|Any CPU
		{44D33B41-A39D-40D2-A6E8-BF1EF2C8679C}.Release|Any CPU.ActiveCfg = Release|Any CPU
		{44D33B41-A39D-40D2-A6E8-BF1EF2C8679C}.Release|Any CPU.Build.0 = Release|Any CPU
	EndGlobalSection
	GlobalSection(SolutionProperties) = preSolution
		HideSolutionNode = FALSE
	EndGlobalSection
	GlobalSection(ExtensibilityGlobals) = postSolution
		SolutionGuid = {F9B97503-B25F-4F87-960F-FFB89BB1EE17}
	EndGlobalSection
EndGlobal
